// !$*UTF8*$!
{
	archiveVersion = 1;
	classes = {
	};
	objectVersion = 55;
	objects = {

/* Begin PBXBuildFile section */
		486E418128B2DE92009BFC7E /* AppDelegate.swift in Sources */ = {isa = PBXBuildFile; fileRef = 486E418028B2DE92009BFC7E /* AppDelegate.swift */; };
		486E418328B2DE92009BFC7E /* SceneDelegate.swift in Sources */ = {isa = PBXBuildFile; fileRef = 486E418228B2DE92009BFC7E /* SceneDelegate.swift */; };
		486E418528B2DE92009BFC7E /* ViewController.swift in Sources */ = {isa = PBXBuildFile; fileRef = 486E418428B2DE92009BFC7E /* ViewController.swift */; };
		486E418828B2DE92009BFC7E /* Main.storyboard in Resources */ = {isa = PBXBuildFile; fileRef = 486E418628B2DE92009BFC7E /* Main.storyboard */; };
		486E418A28B2DE93009BFC7E /* Assets.xcassets in Resources */ = {isa = PBXBuildFile; fileRef = 486E418928B2DE93009BFC7E /* Assets.xcassets */; };
		486E418D28B2DE93009BFC7E /* LaunchScreen.storyboard in Resources */ = {isa = PBXBuildFile; fileRef = 486E418B28B2DE93009BFC7E /* LaunchScreen.storyboard */; };
		486E419828B2DE93009BFC7E /* ListOfProductsTests.swift in Sources */ = {isa = PBXBuildFile; fileRef = 486E419728B2DE93009BFC7E /* ListOfProductsTests.swift */; };
		486E41A228B2DE93009BFC7E /* ListOfProductsUITests.swift in Sources */ = {isa = PBXBuildFile; fileRef = 486E41A128B2DE93009BFC7E /* ListOfProductsUITests.swift */; };
		486E41A428B2DE93009BFC7E /* ListOfProductsUITestsLaunchTests.swift in Sources */ = {isa = PBXBuildFile; fileRef = 486E41A328B2DE93009BFC7E /* ListOfProductsUITestsLaunchTests.swift */; };
/* End PBXBuildFile section */

/* Begin PBXContainerItemProxy section */
		486E419428B2DE93009BFC7E /* PBXContainerItemProxy */ = {
			isa = PBXContainerItemProxy;
			containerPortal = 486E417528B2DE92009BFC7E /* Project object */;
			proxyType = 1;
			remoteGlobalIDString = 486E417C28B2DE92009BFC7E;
			remoteInfo = ListOfProducts;
		};
		486E419E28B2DE93009BFC7E /* PBXContainerItemProxy */ = {
			isa = PBXContainerItemProxy;
			containerPortal = 486E417528B2DE92009BFC7E /* Project object */;
			proxyType = 1;
			remoteGlobalIDString = 486E417C28B2DE92009BFC7E;
			remoteInfo = ListOfProducts;
		};
/* End PBXContainerItemProxy section */

/* Begin PBXFileReference section */
		486E417D28B2DE92009BFC7E /* ListOfProducts.app */ = {isa = PBXFileReference; explicitFileType = wrapper.application; includeInIndex = 0; path = ListOfProducts.app; sourceTree = BUILT_PRODUCTS_DIR; };
		486E418028B2DE92009BFC7E /* AppDelegate.swift */ = {isa = PBXFileReference; lastKnownFileType = sourcecode.swift; path = AppDelegate.swift; sourceTree = "<group>"; };
		486E418228B2DE92009BFC7E /* SceneDelegate.swift */ = {isa = PBXFileReference; lastKnownFileType = sourcecode.swift; path = SceneDelegate.swift; sourceTree = "<group>"; };
		486E418428B2DE92009BFC7E /* ViewController.swift */ = {isa = PBXFileReference; lastKnownFileType = sourcecode.swift; path = ViewController.swift; sourceTree = "<group>"; };
		486E418728B2DE92009BFC7E /* Base */ = {isa = PBXFileReference; lastKnownFileType = file.storyboard; name = Base; path = Base.lproj/Main.storyboard; sourceTree = "<group>"; };
		486E418928B2DE93009BFC7E /* Assets.xcassets */ = {isa = PBXFileReference; lastKnownFileType = folder.assetcatalog; path = Assets.xcassets; sourceTree = "<group>"; };
		486E418C28B2DE93009BFC7E /* Base */ = {isa = PBXFileReference; lastKnownFileType = file.storyboard; name = Base; path = Base.lproj/LaunchScreen.storyboard; sourceTree = "<group>"; };
		486E418E28B2DE93009BFC7E /* Info.plist */ = {isa = PBXFileReference; lastKnownFileType = text.plist.xml; path = Info.plist; sourceTree = "<group>"; };
		486E419328B2DE93009BFC7E /* ListOfProductsTests.xctest */ = {isa = PBXFileReference; explicitFileType = wrapper.cfbundle; includeInIndex = 0; path = ListOfProductsTests.xctest; sourceTree = BUILT_PRODUCTS_DIR; };
		486E419728B2DE93009BFC7E /* ListOfProductsTests.swift */ = {isa = PBXFileReference; lastKnownFileType = sourcecode.swift; path = ListOfProductsTests.swift; sourceTree = "<group>"; };
		486E419D28B2DE93009BFC7E /* ListOfProductsUITests.xctest */ = {isa = PBXFileReference; explicitFileType = wrapper.cfbundle; includeInIndex = 0; path = ListOfProductsUITests.xctest; sourceTree = BUILT_PRODUCTS_DIR; };
		486E41A128B2DE93009BFC7E /* ListOfProductsUITests.swift */ = {isa = PBXFileReference; lastKnownFileType = sourcecode.swift; path = ListOfProductsUITests.swift; sourceTree = "<group>"; };
		486E41A328B2DE93009BFC7E /* ListOfProductsUITestsLaunchTests.swift */ = {isa = PBXFileReference; lastKnownFileType = sourcecode.swift; path = ListOfProductsUITestsLaunchTests.swift; sourceTree = "<group>"; };
/* End PBXFileReference section */

/* Begin PBXFrameworksBuildPhase section */
		486E417A28B2DE92009BFC7E /* Frameworks */ = {
			isa = PBXFrameworksBuildPhase;
			buildActionMask = 2147483647;
			files = (
			);
			runOnlyForDeploymentPostprocessing = 0;
		};
		486E419028B2DE93009BFC7E /* Frameworks */ = {
			isa = PBXFrameworksBuildPhase;
			buildActionMask = 2147483647;
			files = (
			);
			runOnlyForDeploymentPostprocessing = 0;
		};
		486E419A28B2DE93009BFC7E /* Frameworks */ = {
			isa = PBXFrameworksBuildPhase;
			buildActionMask = 2147483647;
			files = (
			);
			runOnlyForDeploymentPostprocessing = 0;
		};
/* End PBXFrameworksBuildPhase section */

/* Begin PBXGroup section */
		486E417428B2DE92009BFC7E = {
			isa = PBXGroup;
			children = (
				486E417F28B2DE92009BFC7E /* ListOfProducts */,
				486E419628B2DE93009BFC7E /* ListOfProductsTests */,
				486E41A028B2DE93009BFC7E /* ListOfProductsUITests */,
				486E417E28B2DE92009BFC7E /* Products */,
			);
			sourceTree = "<group>";
		};
		486E417E28B2DE92009BFC7E /* Products */ = {
			isa = PBXGroup;
			children = (
				486E417D28B2DE92009BFC7E /* ListOfProducts.app */,
				486E419328B2DE93009BFC7E /* ListOfProductsTests.xctest */,
				486E419D28B2DE93009BFC7E /* ListOfProductsUITests.xctest */,
			);
			name = Products;
			sourceTree = "<group>";
		};
		486E417F28B2DE92009BFC7E /* ListOfProducts */ = {
			isa = PBXGroup;
			children = (
				486E418028B2DE92009BFC7E /* AppDelegate.swift */,
				486E418228B2DE92009BFC7E /* SceneDelegate.swift */,
				486E418428B2DE92009BFC7E /* ViewController.swift */,
				486E418628B2DE92009BFC7E /* Main.storyboard */,
				486E418928B2DE93009BFC7E /* Assets.xcassets */,
				486E418B28B2DE93009BFC7E /* LaunchScreen.storyboard */,
				486E418E28B2DE93009BFC7E /* Info.plist */,
			);
			path = ListOfProducts;
			sourceTree = "<group>";
		};
		486E419628B2DE93009BFC7E /* ListOfProductsTests */ = {
			isa = PBXGroup;
			children = (
				486E419728B2DE93009BFC7E /* ListOfProductsTests.swift */,
			);
			path = ListOfProductsTests;
			sourceTree = "<group>";
		};
		486E41A028B2DE93009BFC7E /* ListOfProductsUITests */ = {
			isa = PBXGroup;
			children = (
				486E41A128B2DE93009BFC7E /* ListOfProductsUITests.swift */,
				486E41A328B2DE93009BFC7E /* ListOfProductsUITestsLaunchTests.swift */,
			);
			path = ListOfProductsUITests;
			sourceTree = "<group>";
		};
/* End PBXGroup section */

/* Begin PBXNativeTarget section */
		486E417C28B2DE92009BFC7E /* ListOfProducts */ = {
			isa = PBXNativeTarget;
			buildConfigurationList = 486E41A728B2DE93009BFC7E /* Build configuration list for PBXNativeTarget "ListOfProducts" */;
			buildPhases = (
				486E417928B2DE92009BFC7E /* Sources */,
				486E417A28B2DE92009BFC7E /* Frameworks */,
				486E417B28B2DE92009BFC7E /* Resources */,
			);
			buildRules = (
			);
			dependencies = (
			);
			name = ListOfProducts;
			productName = ListOfProducts;
			productReference = 486E417D28B2DE92009BFC7E /* ListOfProducts.app */;
			productType = "com.apple.product-type.application";
		};
		486E419228B2DE93009BFC7E /* ListOfProductsTests */ = {
			isa = PBXNativeTarget;
			buildConfigurationList = 486E41AA28B2DE93009BFC7E /* Build configuration list for PBXNativeTarget "ListOfProductsTests" */;
			buildPhases = (
				486E418F28B2DE93009BFC7E /* Sources */,
				486E419028B2DE93009BFC7E /* Frameworks */,
				486E419128B2DE93009BFC7E /* Resources */,
			);
			buildRules = (
			);
			dependencies = (
				486E419528B2DE93009BFC7E /* PBXTargetDependency */,
			);
			name = ListOfProductsTests;
			productName = ListOfProductsTests;
			productReference = 486E419328B2DE93009BFC7E /* ListOfProductsTests.xctest */;
			productType = "com.apple.product-type.bundle.unit-test";
		};
		486E419C28B2DE93009BFC7E /* ListOfProductsUITests */ = {
			isa = PBXNativeTarget;
			buildConfigurationList = 486E41AD28B2DE93009BFC7E /* Build configuration list for PBXNativeTarget "ListOfProductsUITests" */;
			buildPhases = (
				486E419928B2DE93009BFC7E /* Sources */,
				486E419A28B2DE93009BFC7E /* Frameworks */,
				486E419B28B2DE93009BFC7E /* Resources */,
			);
			buildRules = (
			);
			dependencies = (
				486E419F28B2DE93009BFC7E /* PBXTargetDependency */,
			);
			name = ListOfProductsUITests;
			productName = ListOfProductsUITests;
			productReference = 486E419D28B2DE93009BFC7E /* ListOfProductsUITests.xctest */;
			productType = "com.apple.product-type.bundle.ui-testing";
		};
/* End PBXNativeTarget section */

/* Begin PBXProject section */
		486E417528B2DE92009BFC7E /* Project object */ = {
			isa = PBXProject;
			attributes = {
				BuildIndependentTargetsInParallel = 1;
				LastSwiftUpdateCheck = 1340;
				LastUpgradeCheck = 1340;
				TargetAttributes = {
					486E417C28B2DE92009BFC7E = {
						CreatedOnToolsVersion = 13.4.1;
					};
					486E419228B2DE93009BFC7E = {
						CreatedOnToolsVersion = 13.4.1;
						TestTargetID = 486E417C28B2DE92009BFC7E;
					};
					486E419C28B2DE93009BFC7E = {
						CreatedOnToolsVersion = 13.4.1;
						TestTargetID = 486E417C28B2DE92009BFC7E;
					};
				};
			};
			buildConfigurationList = 486E417828B2DE92009BFC7E /* Build configuration list for PBXProject "ListOfProducts" */;
			compatibilityVersion = "Xcode 13.0";
			developmentRegion = en;
			hasScannedForEncodings = 0;
			knownRegions = (
				en,
				Base,
			);
			mainGroup = 486E417428B2DE92009BFC7E;
			productRefGroup = 486E417E28B2DE92009BFC7E /* Products */;
			projectDirPath = "";
			projectRoot = "";
			targets = (
				486E417C28B2DE92009BFC7E /* ListOfProducts */,
				486E419228B2DE93009BFC7E /* ListOfProductsTests */,
				486E419C28B2DE93009BFC7E /* ListOfProductsUITests */,
			);
		};
/* End PBXProject section */

/* Begin PBXResourcesBuildPhase section */
		486E417B28B2DE92009BFC7E /* Resources */ = {
			isa = PBXResourcesBuildPhase;
			buildActionMask = 2147483647;
			files = (
				486E418D28B2DE93009BFC7E /* LaunchScreen.storyboard in Resources */,
				486E418A28B2DE93009BFC7E /* Assets.xcassets in Resources */,
				486E418828B2DE92009BFC7E /* Main.storyboard in Resources */,
			);
			runOnlyForDeploymentPostprocessing = 0;
		};
		486E419128B2DE93009BFC7E /* Resources */ = {
			isa = PBXResourcesBuildPhase;
			buildActionMask = 2147483647;
			files = (
			);
			runOnlyForDeploymentPostprocessing = 0;
		};
		486E419B28B2DE93009BFC7E /* Resources */ = {
			isa = PBXResourcesBuildPhase;
			buildActionMask = 2147483647;
			files = (
			);
			runOnlyForDeploymentPostprocessing = 0;
		};
/* End PBXResourcesBuildPhase section */

/* Begin PBXSourcesBuildPhase section */
		486E417928B2DE92009BFC7E /* Sources */ = {
			isa = PBXSourcesBuildPhase;
			buildActionMask = 2147483647;
			files = (
				486E418528B2DE92009BFC7E /* ViewController.swift in Sources */,
				486E418128B2DE92009BFC7E /* AppDelegate.swift in Sources */,
				486E418328B2DE92009BFC7E /* SceneDelegate.swift in Sources */,
			);
			runOnlyForDeploymentPostprocessing = 0;
		};
		486E418F28B2DE93009BFC7E /* Sources */ = {
			isa = PBXSourcesBuildPhase;
			buildActionMask = 2147483647;
			files = (
				486E419828B2DE93009BFC7E /* ListOfProductsTests.swift in Sources */,
			);
			runOnlyForDeploymentPostprocessing = 0;
		};
		486E419928B2DE93009BFC7E /* Sources */ = {
			isa = PBXSourcesBuildPhase;
			buildActionMask = 2147483647;
			files = (
				486E41A228B2DE93009BFC7E /* ListOfProductsUITests.swift in Sources */,
				486E41A428B2DE93009BFC7E /* ListOfProductsUITestsLaunchTests.swift in Sources */,
			);
			runOnlyForDeploymentPostprocessing = 0;
		};
/* End PBXSourcesBuildPhase section */

/* Begin PBXTargetDependency section */
		486E419528B2DE93009BFC7E /* PBXTargetDependency */ = {
			isa = PBXTargetDependency;
			target = 486E417C28B2DE92009BFC7E /* ListOfProducts */;
			targetProxy = 486E419428B2DE93009BFC7E /* PBXContainerItemProxy */;
		};
		486E419F28B2DE93009BFC7E /* PBXTargetDependency */ = {
			isa = PBXTargetDependency;
			target = 486E417C28B2DE92009BFC7E /* ListOfProducts */;
			targetProxy = 486E419E28B2DE93009BFC7E /* PBXContainerItemProxy */;
		};
/* End PBXTargetDependency section */

/* Begin PBXVariantGroup section */
		486E418628B2DE92009BFC7E /* Main.storyboard */ = {
			isa = PBXVariantGroup;
			children = (
				486E418728B2DE92009BFC7E /* Base */,
			);
			name = Main.storyboard;
			sourceTree = "<group>";
		};
		486E418B28B2DE93009BFC7E /* LaunchScreen.storyboard */ = {
			isa = PBXVariantGroup;
			children = (
				486E418C28B2DE93009BFC7E /* Base */,
			);
			name = LaunchScreen.storyboard;
			sourceTree = "<group>";
		};
/* End PBXVariantGroup section */

/* Begin XCBuildConfiguration section */
		486E41A528B2DE93009BFC7E /* Debug */ = {
			isa = XCBuildConfiguration;
			buildSettings = {
				ALWAYS_SEARCH_USER_PATHS = NO;
				CLANG_ANALYZER_NONNULL = YES;
				CLANG_ANALYZER_NUMBER_OBJECT_CONVERSION = YES_AGGRESSIVE;
				CLANG_CXX_LANGUAGE_STANDARD = "gnu++17";
				CLANG_ENABLE_MODULES = YES;
				CLANG_ENABLE_OBJC_ARC = YES;
				CLANG_ENABLE_OBJC_WEAK = YES;
				CLANG_WARN_BLOCK_CAPTURE_AUTORELEASING = YES;
				CLANG_WARN_BOOL_CONVERSION = YES;
				CLANG_WARN_COMMA = YES;
				CLANG_WARN_CONSTANT_CONVERSION = YES;
				CLANG_WARN_DEPRECATED_OBJC_IMPLEMENTATIONS = YES;
				CLANG_WARN_DIRECT_OBJC_ISA_USAGE = YES_ERROR;
				CLANG_WARN_DOCUMENTATION_COMMENTS = YES;
				CLANG_WARN_EMPTY_BODY = YES;
				CLANG_WARN_ENUM_CONVERSION = YES;
				CLANG_WARN_INFINITE_RECURSION = YES;
				CLANG_WARN_INT_CONVERSION = YES;
				CLANG_WARN_NON_LITERAL_NULL_CONVERSION = YES;
				CLANG_WARN_OBJC_IMPLICIT_RETAIN_SELF = YES;
				CLANG_WARN_OBJC_LITERAL_CONVERSION = YES;
				CLANG_WARN_OBJC_ROOT_CLASS = YES_ERROR;
				CLANG_WARN_QUOTED_INCLUDE_IN_FRAMEWORK_HEADER = YES;
				CLANG_WARN_RANGE_LOOP_ANALYSIS = YES;
				CLANG_WARN_STRICT_PROTOTYPES = YES;
				CLANG_WARN_SUSPICIOUS_MOVE = YES;
				CLANG_WARN_UNGUARDED_AVAILABILITY = YES_AGGRESSIVE;
				CLANG_WARN_UNREACHABLE_CODE = YES;
				CLANG_WARN__DUPLICATE_METHOD_MATCH = YES;
				COPY_PHASE_STRIP = NO;
				DEBUG_INFORMATION_FORMAT = dwarf;
				ENABLE_STRICT_OBJC_MSGSEND = YES;
				ENABLE_TESTABILITY = YES;
				GCC_C_LANGUAGE_STANDARD = gnu11;
				GCC_DYNAMIC_NO_PIC = NO;
				GCC_NO_COMMON_BLOCKS = YES;
				GCC_OPTIMIZATION_LEVEL = 0;
				GCC_PREPROCESSOR_DEFINITIONS = (
					"DEBUG=1",
					"$(inherited)",
				);
				GCC_WARN_64_TO_32_BIT_CONVERSION = YES;
				GCC_WARN_ABOUT_RETURN_TYPE = YES_ERROR;
				GCC_WARN_UNDECLARED_SELECTOR = YES;
				GCC_WARN_UNINITIALIZED_AUTOS = YES_AGGRESSIVE;
				GCC_WARN_UNUSED_FUNCTION = YES;
				GCC_WARN_UNUSED_VARIABLE = YES;
				IPHONEOS_DEPLOYMENT_TARGET = 15.5;
				MTL_ENABLE_DEBUG_INFO = INCLUDE_SOURCE;
				MTL_FAST_MATH = YES;
				ONLY_ACTIVE_ARCH = YES;
				SDKROOT = iphoneos;
				SWIFT_ACTIVE_COMPILATION_CONDITIONS = DEBUG;
				SWIFT_OPTIMIZATION_LEVEL = "-Onone";
			};
			name = Debug;
		};
		486E41A628B2DE93009BFC7E /* Release */ = {
			isa = XCBuildConfiguration;
			buildSettings = {
				ALWAYS_SEARCH_USER_PATHS = NO;
				CLANG_ANALYZER_NONNULL = YES;
				CLANG_ANALYZER_NUMBER_OBJECT_CONVERSION = YES_AGGRESSIVE;
				CLANG_CXX_LANGUAGE_STANDARD = "gnu++17";
				CLANG_ENABLE_MODULES = YES;
				CLANG_ENABLE_OBJC_ARC = YES;
				CLANG_ENABLE_OBJC_WEAK = YES;
				CLANG_WARN_BLOCK_CAPTURE_AUTORELEASING = YES;
				CLANG_WARN_BOOL_CONVERSION = YES;
				CLANG_WARN_COMMA = YES;
				CLANG_WARN_CONSTANT_CONVERSION = YES;
				CLANG_WARN_DEPRECATED_OBJC_IMPLEMENTATIONS = YES;
				CLANG_WARN_DIRECT_OBJC_ISA_USAGE = YES_ERROR;
				CLANG_WARN_DOCUMENTATION_COMMENTS = YES;
				CLANG_WARN_EMPTY_BODY = YES;
				CLANG_WARN_ENUM_CONVERSION = YES;
				CLANG_WARN_INFINITE_RECURSION = YES;
				CLANG_WARN_INT_CONVERSION = YES;
				CLANG_WARN_NON_LITERAL_NULL_CONVERSION = YES;
				CLANG_WARN_OBJC_IMPLICIT_RETAIN_SELF = YES;
				CLANG_WARN_OBJC_LITERAL_CONVERSION = YES;
				CLANG_WARN_OBJC_ROOT_CLASS = YES_ERROR;
				CLANG_WARN_QUOTED_INCLUDE_IN_FRAMEWORK_HEADER = YES;
				CLANG_WARN_RANGE_LOOP_ANALYSIS = YES;
				CLANG_WARN_STRICT_PROTOTYPES = YES;
				CLANG_WARN_SUSPICIOUS_MOVE = YES;
				CLANG_WARN_UNGUARDED_AVAILABILITY = YES_AGGRESSIVE;
				CLANG_WARN_UNREACHABLE_CODE = YES;
				CLANG_WARN__DUPLICATE_METHOD_MATCH = YES;
				COPY_PHASE_STRIP = NO;
				DEBUG_INFORMATION_FORMAT = "dwarf-with-dsym";
				ENABLE_NS_ASSERTIONS = NO;
				ENABLE_STRICT_OBJC_MSGSEND = YES;
				GCC_C_LANGUAGE_STANDARD = gnu11;
				GCC_NO_COMMON_BLOCKS = YES;
				GCC_WARN_64_TO_32_BIT_CONVERSION = YES;
				GCC_WARN_ABOUT_RETURN_TYPE = YES_ERROR;
				GCC_WARN_UNDECLARED_SELECTOR = YES;
				GCC_WARN_UNINITIALIZED_AUTOS = YES_AGGRESSIVE;
				GCC_WARN_UNUSED_FUNCTION = YES;
				GCC_WARN_UNUSED_VARIABLE = YES;
				IPHONEOS_DEPLOYMENT_TARGET = 15.5;
				MTL_ENABLE_DEBUG_INFO = NO;
				MTL_FAST_MATH = YES;
				SDKROOT = iphoneos;
				SWIFT_COMPILATION_MODE = wholemodule;
				SWIFT_OPTIMIZATION_LEVEL = "-O";
				VALIDATE_PRODUCT = YES;
			};
			name = Release;
		};
		486E41A828B2DE93009BFC7E /* Debug */ = {
			isa = XCBuildConfiguration;
			buildSettings = {
				ASSETCATALOG_COMPILER_APPICON_NAME = AppIcon;
				ASSETCATALOG_COMPILER_GLOBAL_ACCENT_COLOR_NAME = AccentColor;
				CODE_SIGN_STYLE = Automatic;
				CURRENT_PROJECT_VERSION = 1;
				GENERATE_INFOPLIST_FILE = YES;
				INFOPLIST_FILE = ListOfProducts/Info.plist;
				INFOPLIST_KEY_UIApplicationSupportsIndirectInputEvents = YES;
				INFOPLIST_KEY_UILaunchStoryboardName = LaunchScreen;
				INFOPLIST_KEY_UIMainStoryboardFile = Main;
				INFOPLIST_KEY_UISupportedInterfaceOrientations_iPad = "UIInterfaceOrientationPortrait UIInterfaceOrientationPortraitUpsideDown UIInterfaceOrientationLandscapeLeft UIInterfaceOrientationLandscapeRight";
				INFOPLIST_KEY_UISupportedInterfaceOrientations_iPhone = "UIInterfaceOrientationPortrait UIInterfaceOrientationLandscapeLeft UIInterfaceOrientationLandscapeRight";
				LD_RUNPATH_SEARCH_PATHS = (
					"$(inherited)",
					"@executable_path/Frameworks",
				);
				MARKETING_VERSION = 1.0;
				PRODUCT_BUNDLE_IDENTIFIER = com.itc.mymac.ListOfProducts;
				PRODUCT_NAME = "$(TARGET_NAME)";
				SWIFT_EMIT_LOC_STRINGS = YES;
				SWIFT_VERSION = 5.0;
				TARGETED_DEVICE_FAMILY = "1,2";
			};
			name = Debug;
		};
		486E41A928B2DE93009BFC7E /* Release */ = {
			isa = XCBuildConfiguration;
			buildSettings = {
				ASSETCATALOG_COMPILER_APPICON_NAME = AppIcon;
				ASSETCATALOG_COMPILER_GLOBAL_ACCENT_COLOR_NAME = AccentColor;
				CODE_SIGN_STYLE = Automatic;
				CURRENT_PROJECT_VERSION = 1;
				GENERATE_INFOPLIST_FILE = YES;
				INFOPLIST_FILE = ListOfProducts/Info.plist;
				INFOPLIST_KEY_UIApplicationSupportsIndirectInputEvents = YES;
				INFOPLIST_KEY_UILaunchStoryboardName = LaunchScreen;
				INFOPLIST_KEY_UIMainStoryboardFile = Main;
				INFOPLIST_KEY_UISupportedInterfaceOrientations_iPad = "UIInterfaceOrientationPortrait UIInterfaceOrientationPortraitUpsideDown UIInterfaceOrientationLandscapeLeft UIInterfaceOrientationLandscapeRight";
				INFOPLIST_KEY_UISupportedInterfaceOrientations_iPhone = "UIInterfaceOrientationPortrait UIInterfaceOrientationLandscapeLeft UIInterfaceOrientationLandscapeRight";
				LD_RUNPATH_SEARCH_PATHS = (
					"$(inherited)",
					"@executable_path/Frameworks",
				);
				MARKETING_VERSION = 1.0;
				PRODUCT_BUNDLE_IDENTIFIER = com.itc.mymac.ListOfProducts;
				PRODUCT_NAME = "$(TARGET_NAME)";
				SWIFT_EMIT_LOC_STRINGS = YES;
				SWIFT_VERSION = 5.0;
				TARGETED_DEVICE_FAMILY = "1,2";
			};
			name = Release;
		};
		486E41AB28B2DE93009BFC7E /* Debug */ = {
			isa = XCBuildConfiguration;
			buildSettings = {
				ALWAYS_EMBED_SWIFT_STANDARD_LIBRARIES = YES;
				BUNDLE_LOADER = "$(TEST_HOST)";
				CODE_SIGN_STYLE = Automatic;
				CURRENT_PROJECT_VERSION = 1;
				GENERATE_INFOPLIST_FILE = YES;
				IPHONEOS_DEPLOYMENT_TARGET = 15.5;
				MARKETING_VERSION = 1.0;
				PRODUCT_BUNDLE_IDENTIFIER = com.itc.mymac.ListOfProductsTests;
				PRODUCT_NAME = "$(TARGET_NAME)";
				SWIFT_EMIT_LOC_STRINGS = NO;
				SWIFT_VERSION = 5.0;
				TARGETED_DEVICE_FAMILY = "1,2";
				TEST_HOST = "$(BUILT_PRODUCTS_DIR)/ListOfProducts.app/ListOfProducts";
			};
			name = Debug;
		};
		486E41AC28B2DE93009BFC7E /* Release */ = {
			isa = XCBuildConfiguration;
			buildSettings = {
				ALWAYS_EMBED_SWIFT_STANDARD_LIBRARIES = YES;
				BUNDLE_LOADER = "$(TEST_HOST)";
				CODE_SIGN_STYLE = Automatic;
				CURRENT_PROJECT_VERSION = 1;
				GENERATE_INFOPLIST_FILE = YES;
				IPHONEOS_DEPLOYMENT_TARGET = 15.5;
				MARKETING_VERSION = 1.0;
				PRODUCT_BUNDLE_IDENTIFIER = com.itc.mymac.ListOfProductsTests;
				PRODUCT_NAME = "$(TARGET_NAME)";
				SWIFT_EMIT_LOC_STRINGS = NO;
				SWIFT_VERSION = 5.0;
				TARGETED_DEVICE_FAMILY = "1,2";
				TEST_HOST = "$(BUILT_PRODUCTS_DIR)/ListOfProducts.app/ListOfProducts";
			};
			name = Release;
		};
		486E41AE28B2DE93009BFC7E /* Debug */ = {
			isa = XCBuildConfiguration;
			buildSettings = {
				ALWAYS_EMBED_SWIFT_STANDARD_LIBRARIES = YES;
				CODE_SIGN_STYLE = Automatic;
				CURRENT_PROJECT_VERSION = 1;
				GENERATE_INFOPLIST_FILE = YES;
				MARKETING_VERSION = 1.0;
				PRODUCT_BUNDLE_IDENTIFIER = com.itc.mymac.ListOfProductsUITests;
				PRODUCT_NAME = "$(TARGET_NAME)";
				SWIFT_EMIT_LOC_STRINGS = NO;
				SWIFT_VERSION = 5.0;
				TARGETED_DEVICE_FAMILY = "1,2";
				TEST_TARGET_NAME = ListOfProducts;
			};
			name = Debug;
		};
		486E41AF28B2DE93009BFC7E /* Release */ = {
			isa = XCBuildConfiguration;
			buildSettings = {
				ALWAYS_EMBED_SWIFT_STANDARD_LIBRARIES = YES;
				CODE_SIGN_STYLE = Automatic;
				CURRENT_PROJECT_VERSION = 1;
				GENERATE_INFOPLIST_FILE = YES;
				MARKETING_VERSION = 1.0;
				PRODUCT_BUNDLE_IDENTIFIER = com.itc.mymac.ListOfProductsUITests;
				PRODUCT_NAME = "$(TARGET_NAME)";
				SWIFT_EMIT_LOC_STRINGS = NO;
				SWIFT_VERSION = 5.0;
				TARGETED_DEVICE_FAMILY = "1,2";
				TEST_TARGET_NAME = ListOfProducts;
			};
			name = Release;
		};
/* End XCBuildConfiguration section */

/* Begin XCConfigurationList section */
		486E417828B2DE92009BFC7E /* Build configuration list for PBXProject "ListOfProducts" */ = {
			isa = XCConfigurationList;
			buildConfigurations = (
				486E41A528B2DE93009BFC7E /* Debug */,
				486E41A628B2DE93009BFC7E /* Release */,
			);
			defaultConfigurationIsVisible = 0;
			defaultConfigurationName = Release;
		};
		486E41A728B2DE93009BFC7E /* Build configuration list for PBXNativeTarget "ListOfProducts" */ = {
			isa = XCConfigurationList;
			buildConfigurations = (
				486E41A828B2DE93009BFC7E /* Debug */,
				486E41A928B2DE93009BFC7E /* Release */,
			);
			defaultConfigurationIsVisible = 0;
			defaultConfigurationName = Release;
		};
		486E41AA28B2DE93009BFC7E /* Build configuration list for PBXNativeTarget "ListOfProductsTests" */ = {
			isa = XCConfigurationList;
			buildConfigurations = (
				486E41AB28B2DE93009BFC7E /* Debug */,
				486E41AC28B2DE93009BFC7E /* Release */,
			);
			defaultConfigurationIsVisible = 0;
			defaultConfigurationName = Release;
		};
		486E41AD28B2DE93009BFC7E /* Build configuration list for PBXNativeTarget "ListOfProductsUITests" */ = {
			isa = XCConfigurationList;
			buildConfigurations = (
				486E41AE28B2DE93009BFC7E /* Debug */,
				486E41AF28B2DE93009BFC7E /* Release */,
			);
			defaultConfigurationIsVisible = 0;
			defaultConfigurationName = Release;
		};
/* End XCConfigurationList section */
	};
	rootObject = 486E417528B2DE92009BFC7E /* Project object */;
}
